
Microsoft Visual Studio Solution File, Format Version 12.00
# Visual Studio Version 16
VisualStudioVersion = 16.0.30011.22
MinimumVisualStudioVersion = 10.0.40219.1
Project("{FAE04EC0-301F-11D3-BF4B-00C04F79EFBC}") = "Instalador Tradução Bannerlord", "Instalador Tradução Bannerlord\Instalador Tradução Bannerlord.csproj", "{1ED606C8-3ECD-4DCF-A694-90B6048A87CC}"
EndProject
Global
	GlobalSection(SolutionConfigurationPlatforms) = preSolution
		Debug|Any CPU = Debug|Any CPU
		Release|Any CPU = Release|Any CPU
	EndGlobalSection
	GlobalSection(ProjectConfigurationPlatforms) = postSolution
		{1ED606C8-3ECD-4DCF-A694-90B6048A87CC}.Debug|Any CPU.ActiveCfg = Debug|Any CPU
		{1ED606C8-3ECD-4DCF-A694-90B6048A87CC}.Debug|Any CPU.Build.0 = Debug|Any CPU
		{1ED606C8-3ECD-4DCF-A694-90B6048A87CC}.Release|Any CPU.ActiveCfg = Release|Any CPU
		{1ED606C8-3ECD-4DCF-A694-90B6048A87CC}.Release|Any CPU.Build.0 = Release|Any CPU
	EndGlobalSection
	GlobalSection(SolutionProperties) = preSolution
		HideSolutionNode = FALSE
	EndGlobalSection
	GlobalSection(ExtensibilityGlobals) = postSolution
		SolutionGuid = {5A766D5D-940E-4DF1-9046-CA4FE99D3B9B}
	EndGlobalSection
EndGlobal
